
Microsoft Visual Studio Solution File, Format Version 12.00
# Visual Studio for Mac
Project("{FAE04EC0-301F-11D3-BF4B-00C04F79EFBC}") = "Assembly-CSharp", "Assembly-CSharp.csproj", "{CDC89113-560A-0F0A-394C-3381A91DB9FF}"
EndProject
Global
	GlobalSection(SolutionConfigurationPlatforms) = preSolution
		Debug|Any CPU = Debug|Any CPU
		Release|Any CPU = Release|Any CPU
	EndGlobalSection
	GlobalSection(ProjectConfigurationPlatforms) = postSolution
		{CDC89113-560A-0F0A-394C-3381A91DB9FF}.Debug|Any CPU.ActiveCfg = Debug|Any CPU
		{CDC89113-560A-0F0A-394C-3381A91DB9FF}.Debug|Any CPU.Build.0 = Debug|Any CPU
		{CDC89113-560A-0F0A-394C-3381A91DB9FF}.Release|Any CPU.ActiveCfg = Release|Any CPU
		{CDC89113-560A-0F0A-394C-3381A91DB9FF}.Release|Any CPU.Build.0 = Release|Any CPU
	EndGlobalSection
	GlobalSection(SolutionProperties) = preSolution
		HideSolutionNode = FALSE
	EndGlobalSection
EndGlobal
